
Microsoft Visual Studio Solution File, Format Version 12.00
# Visual Studio Version 17
VisualStudioVersion = 17.4.33213.308
MinimumVisualStudioVersion = 10.0.40219.1
Project("{FAE04EC0-301F-11D3-BF4B-00C04F79EFBC}") = "SVLT230905.ClassroomAPI", "SVLT230905.ClassroomAPI\SVLT230905.ClassroomAPI.csproj", "{05916F5E-F1BE-404A-B070-61CA77D080D0}"
EndProject
Global
	GlobalSection(SolutionConfigurationPlatforms) = preSolution
		Debug|Any CPU = Debug|Any CPU
		Release|Any CPU = Release|Any CPU
	EndGlobalSection
	GlobalSection(ProjectConfigurationPlatforms) = postSolution
		{05916F5E-F1BE-404A-B070-61CA77D080D0}.Debug|Any CPU.ActiveCfg = Debug|Any CPU
		{05916F5E-F1BE-404A-B070-61CA77D080D0}.Debug|Any CPU.Build.0 = Debug|Any CPU
		{05916F5E-F1BE-404A-B070-61CA77D080D0}.Release|Any CPU.ActiveCfg = Release|Any CPU
		{05916F5E-F1BE-404A-B070-61CA77D080D0}.Release|Any CPU.Build.0 = Release|Any CPU
	EndGlobalSection
	GlobalSection(SolutionProperties) = preSolution
		HideSolutionNode = FALSE
	EndGlobalSection
	GlobalSection(ExtensibilityGlobals) = postSolution
		SolutionGuid = {A2C52598-FF48-465F-9AC4-FF102C7FA945}
	EndGlobalSection
EndGlobal
