
Microsoft Visual Studio Solution File, Format Version 12.00
# Visual Studio Version 17
VisualStudioVersion = 17.4.33213.308
MinimumVisualStudioVersion = 10.0.40219.1
Project("{9A19103F-16F7-4668-BE54-9A1E7A4F7556}") = "PrimeraAplicacionAPIConControladores", "PrimeraAplicacionAPIConControladores\PrimeraAplicacionAPIConControladores.csproj", "{16E97AB7-4FD7-4F42-B77A-FCB21A68098C}"
EndProject
Global
	GlobalSection(SolutionConfigurationPlatforms) = preSolution
		Debug|Any CPU = Debug|Any CPU
		Release|Any CPU = Release|Any CPU
	EndGlobalSection
	GlobalSection(ProjectConfigurationPlatforms) = postSolution
		{16E97AB7-4FD7-4F42-B77A-FCB21A68098C}.Debug|Any CPU.ActiveCfg = Debug|Any CPU
		{16E97AB7-4FD7-4F42-B77A-FCB21A68098C}.Debug|Any CPU.Build.0 = Debug|Any CPU
		{16E97AB7-4FD7-4F42-B77A-FCB21A68098C}.Release|Any CPU.ActiveCfg = Release|Any CPU
		{16E97AB7-4FD7-4F42-B77A-FCB21A68098C}.Release|Any CPU.Build.0 = Release|Any CPU
	EndGlobalSection
	GlobalSection(SolutionProperties) = preSolution
		HideSolutionNode = FALSE
	EndGlobalSection
	GlobalSection(ExtensibilityGlobals) = postSolution
		SolutionGuid = {C8868C0F-6429-4BEC-8AB2-05144E5A6930}
	EndGlobalSection
EndGlobal
